
Microsoft Visual Studio Solution File, Format Version 12.00
# Visual Studio 15
VisualStudioVersion = 15.0.28307.106
MinimumVisualStudioVersion = 10.0.40219.1
Project("{FAE04EC0-301F-11D3-BF4B-00C04F79EFBC}") = "Klserjht", "Klserjht\Klserjht.csproj", "{3C6C77F7-7F7B-482C-B189-1E0D26667399}"
EndProject
Project("{FAE04EC0-301F-11D3-BF4B-00C04F79EFBC}") = "Klserjht.Updater", "Klserjht.Updater\Klserjht.Updater.csproj", "{AF4C0528-EB5A-45DE-B839-D06487CF729C}"
EndProject
Global
	GlobalSection(SolutionConfigurationPlatforms) = preSolution
		Debug|Any CPU = Debug|Any CPU
		Release|Any CPU = Release|Any CPU
	EndGlobalSection
	GlobalSection(ProjectConfigurationPlatforms) = postSolution
		{3C6C77F7-7F7B-482C-B189-1E0D26667399}.Debug|Any CPU.ActiveCfg = Debug|Any CPU
		{3C6C77F7-7F7B-482C-B189-1E0D26667399}.Debug|Any CPU.Build.0 = Debug|Any CPU
		{3C6C77F7-7F7B-482C-B189-1E0D26667399}.Release|Any CPU.ActiveCfg = Release|Any CPU
		{3C6C77F7-7F7B-482C-B189-1E0D26667399}.Release|Any CPU.Build.0 = Release|Any CPU
		{AF4C0528-EB5A-45DE-B839-D06487CF729C}.Debug|Any CPU.ActiveCfg = Debug|Any CPU
		{AF4C0528-EB5A-45DE-B839-D06487CF729C}.Debug|Any CPU.Build.0 = Debug|Any CPU
		{AF4C0528-EB5A-45DE-B839-D06487CF729C}.Release|Any CPU.ActiveCfg = Release|Any CPU
		{AF4C0528-EB5A-45DE-B839-D06487CF729C}.Release|Any CPU.Build.0 = Release|Any CPU
	EndGlobalSection
	GlobalSection(SolutionProperties) = preSolution
		HideSolutionNode = FALSE
	EndGlobalSection
	GlobalSection(ExtensibilityGlobals) = postSolution
		SolutionGuid = {66BDF4BE-FCBA-4BAB-B5E7-23EB902F8C11}
	EndGlobalSection
EndGlobal
